// !$*UTF8*$!
{
	archiveVersion = 1;
	classes = {
	};
	objectVersion = 46;
	objects = {

/* Begin PBXBuildFile section */
		AB5300C51D81E80A00919F67 /* CartTableViewController.swift in Sources */ = {isa = PBXBuildFile; fileRef = AB5300C41D81E80A00919F67 /* CartTableViewController.swift */; };
		AB5300C71D81E97900919F67 /* Order.swift in Sources */ = {isa = PBXBuildFile; fileRef = AB5300C61D81E97900919F67 /* Order.swift */; };
		AB5300C91D81E97F00919F67 /* Orders.swift in Sources */ = {isa = PBXBuildFile; fileRef = AB5300C81D81E97F00919F67 /* Orders.swift */; };
		ABB604EC1D75F666001B4B45 /* AppDelegate.swift in Sources */ = {isa = PBXBuildFile; fileRef = ABB604EB1D75F666001B4B45 /* AppDelegate.swift */; };
		ABB604F11D75F666001B4B45 /* Main.storyboard in Resources */ = {isa = PBXBuildFile; fileRef = ABB604EF1D75F666001B4B45 /* Main.storyboard */; };
		ABB604F31D75F666001B4B45 /* Assets.xcassets in Resources */ = {isa = PBXBuildFile; fileRef = ABB604F21D75F666001B4B45 /* Assets.xcassets */; };
		ABB604F61D75F666001B4B45 /* LaunchScreen.storyboard in Resources */ = {isa = PBXBuildFile; fileRef = ABB604F41D75F666001B4B45 /* LaunchScreen.storyboard */; };
		ABB604FE1D75FD77001B4B45 /* ProductViewController.swift in Sources */ = {isa = PBXBuildFile; fileRef = ABB604FD1D75FD77001B4B45 /* ProductViewController.swift */; };
		ABB605041D762D4D001B4B45 /* ContactViewController.swift in Sources */ = {isa = PBXBuildFile; fileRef = ABB605031D762D4D001B4B45 /* ContactViewController.swift */; };
		ABB605061D77466E001B4B45 /* ProductsTableViewController.swift in Sources */ = {isa = PBXBuildFile; fileRef = ABB605051D77466E001B4B45 /* ProductsTableViewController.swift */; };
		ABB605081D774AEB001B4B45 /* Product.swift in Sources */ = {isa = PBXBuildFile; fileRef = ABB605071D774AEB001B4B45 /* Product.swift */; };
/* End PBXBuildFile section */

/* Begin PBXFileReference section */
		AB5300C41D81E80A00919F67 /* CartTableViewController.swift */ = {isa = PBXFileReference; fileEncoding = 4; lastKnownFileType = sourcecode.swift; path = CartTableViewController.swift; sourceTree = "<group>"; };
		AB5300C61D81E97900919F67 /* Order.swift */ = {isa = PBXFileReference; fileEncoding = 4; lastKnownFileType = sourcecode.swift; path = Order.swift; sourceTree = "<group>"; };
		AB5300C81D81E97F00919F67 /* Orders.swift */ = {isa = PBXFileReference; fileEncoding = 4; lastKnownFileType = sourcecode.swift; path = Orders.swift; sourceTree = "<group>"; };
		ABB604E81D75F666001B4B45 /* GoodAsOldPhones.app */ = {isa = PBXFileReference; explicitFileType = wrapper.application; includeInIndex = 0; path = GoodAsOldPhones.app; sourceTree = BUILT_PRODUCTS_DIR; };
		ABB604EB1D75F666001B4B45 /* AppDelegate.swift */ = {isa = PBXFileReference; lastKnownFileType = sourcecode.swift; path = AppDelegate.swift; sourceTree = "<group>"; };
		ABB604F01D75F666001B4B45 /* Base */ = {isa = PBXFileReference; lastKnownFileType = file.storyboard; name = Base; path = Base.lproj/Main.storyboard; sourceTree = "<group>"; };
		ABB604F21D75F666001B4B45 /* Assets.xcassets */ = {isa = PBXFileReference; lastKnownFileType = folder.assetcatalog; path = Assets.xcassets; sourceTree = "<group>"; };
		ABB604F51D75F666001B4B45 /* Base */ = {isa = PBXFileReference; lastKnownFileType = file.storyboard; name = Base; path = Base.lproj/LaunchScreen.storyboard; sourceTree = "<group>"; };
		ABB604F71D75F666001B4B45 /* Info.plist */ = {isa = PBXFileReference; lastKnownFileType = text.plist.xml; path = Info.plist; sourceTree = "<group>"; };
		ABB604FD1D75FD77001B4B45 /* ProductViewController.swift */ = {isa = PBXFileReference; fileEncoding = 4; lastKnownFileType = sourcecode.swift; path = ProductViewController.swift; sourceTree = "<group>"; };
		ABB605031D762D4D001B4B45 /* ContactViewController.swift */ = {isa = PBXFileReference; fileEncoding = 4; lastKnownFileType = sourcecode.swift; path = ContactViewController.swift; sourceTree = "<group>"; };
		ABB605051D77466E001B4B45 /* ProductsTableViewController.swift */ = {isa = PBXFileReference; fileEncoding = 4; lastKnownFileType = sourcecode.swift; path = ProductsTableViewController.swift; sourceTree = "<group>"; };
		ABB605071D774AEB001B4B45 /* Product.swift */ = {isa = PBXFileReference; fileEncoding = 4; lastKnownFileType = sourcecode.swift; path = Product.swift; sourceTree = "<group>"; };
/* End PBXFileReference section */

/* Begin PBXFrameworksBuildPhase section */
		ABB604E51D75F666001B4B45 /* Frameworks */ = {
			isa = PBXFrameworksBuildPhase;
			buildActionMask = 2147483647;
			files = (
			);
			runOnlyForDeploymentPostprocessing = 0;
		};
/* End PBXFrameworksBuildPhase section */

/* Begin PBXGroup section */
		ABB604DF1D75F666001B4B45 = {
			isa = PBXGroup;
			children = (
				ABB604EA1D75F666001B4B45 /* GoodAsOldPhones */,
				ABB604E91D75F666001B4B45 /* Products */,
			);
			sourceTree = "<group>";
		};
		ABB604E91D75F666001B4B45 /* Products */ = {
			isa = PBXGroup;
			children = (
				ABB604E81D75F666001B4B45 /* GoodAsOldPhones.app */,
			);
			name = Products;
			sourceTree = "<group>";
		};
		ABB604EA1D75F666001B4B45 /* GoodAsOldPhones */ = {
			isa = PBXGroup;
			children = (
				ABB604EB1D75F666001B4B45 /* AppDelegate.swift */,
				ABB604EF1D75F666001B4B45 /* Main.storyboard */,
				ABB604F21D75F666001B4B45 /* Assets.xcassets */,
				ABB604F41D75F666001B4B45 /* LaunchScreen.storyboard */,
				ABB604F71D75F666001B4B45 /* Info.plist */,
				ABB604FD1D75FD77001B4B45 /* ProductViewController.swift */,
				ABB605031D762D4D001B4B45 /* ContactViewController.swift */,
				ABB605051D77466E001B4B45 /* ProductsTableViewController.swift */,
				ABB605071D774AEB001B4B45 /* Product.swift */,
				AB5300C41D81E80A00919F67 /* CartTableViewController.swift */,
				AB5300C61D81E97900919F67 /* Order.swift */,
				AB5300C81D81E97F00919F67 /* Orders.swift */,
			);
			path = GoodAsOldPhones;
			sourceTree = "<group>";
		};
/* End PBXGroup section */

/* Begin PBXNativeTarget section */
		ABB604E71D75F666001B4B45 /* GoodAsOldPhones */ = {
			isa = PBXNativeTarget;
			buildConfigurationList = ABB604FA1D75F666001B4B45 /* Build configuration list for PBXNativeTarget "GoodAsOldPhones" */;
			buildPhases = (
				ABB604E41D75F666001B4B45 /* Sources */,
				ABB604E51D75F666001B4B45 /* Frameworks */,
				ABB604E61D75F666001B4B45 /* Resources */,
			);
			buildRules = (
			);
			dependencies = (
			);
			name = GoodAsOldPhones;
			productName = GoodAsOldPhones;
			productReference = ABB604E81D75F666001B4B45 /* GoodAsOldPhones.app */;
			productType = "com.apple.product-type.application";
		};
/* End PBXNativeTarget section */

/* Begin PBXProject section */
		ABB604E01D75F666001B4B45 /* Project object */ = {
			isa = PBXProject;
			attributes = {
				LastSwiftUpdateCheck = 0800;
				LastUpgradeCheck = 0800;
				ORGANIZATIONNAME = "Code School";
				TargetAttributes = {
					ABB604E71D75F666001B4B45 = {
						CreatedOnToolsVersion = 8.0;
						LastSwiftMigration = 0830;
						ProvisioningStyle = Automatic;
					};
				};
			};
			buildConfigurationList = ABB604E31D75F666001B4B45 /* Build configuration list for PBXProject "GoodAsOldPhones" */;
			compatibilityVersion = "Xcode 3.2";
			developmentRegion = English;
			hasScannedForEncodings = 0;
			knownRegions = (
				en,
				Base,
			);
			mainGroup = ABB604DF1D75F666001B4B45;
			productRefGroup = ABB604E91D75F666001B4B45 /* Products */;
			projectDirPath = "";
			projectRoot = "";
			targets = (
				ABB604E71D75F666001B4B45 /* GoodAsOldPhones */,
			);
		};
/* End PBXProject section */

/* Begin PBXResourcesBuildPhase section */
		ABB604E61D75F666001B4B45 /* Resources */ = {
			isa = PBXResourcesBuildPhase;
			buildActionMask = 2147483647;
			files = (
				ABB604F61D75F666001B4B45 /* LaunchScreen.storyboard in Resources */,
				ABB604F31D75F666001B4B45 /* Assets.xcassets in Resources */,
				ABB604F11D75F666001B4B45 /* Main.storyboard in Resources */,
			);
			runOnlyForDeploymentPostprocessing = 0;
		};
/* End PBXResourcesBuildPhase section */

/* Begin PBXSourcesBuildPhase section */
		ABB604E41D75F666001B4B45 /* Sources */ = {
			isa = PBXSourcesBuildPhase;
			buildActionMask = 2147483647;
			files = (
				ABB604FE1D75FD77001B4B45 /* ProductViewController.swift in Sources */,
				AB5300C51D81E80A00919F67 /* CartTableViewController.swift in Sources */,
				ABB605061D77466E001B4B45 /* ProductsTableViewController.swift in Sources */,
				ABB605081D774AEB001B4B45 /* Product.swift in Sources */,
				ABB604EC1D75F666001B4B45 /* AppDelegate.swift in Sources */,
				ABB605041D762D4D001B4B45 /* ContactViewController.swift in Sources */,
				AB5300C91D81E97F00919F67 /* Orders.swift in Sources */,
				AB5300C71D81E97900919F67 /* Order.swift in Sources */,
			);
			runOnlyForDeploymentPostprocessing = 0;
		};
/* End PBXSourcesBuildPhase section */

/* Begin PBXVariantGroup section */
		ABB604EF1D75F666001B4B45 /* Main.storyboard */ = {
			isa = PBXVariantGroup;
			children = (
				ABB604F01D75F666001B4B45 /* Base */,
			);
			name = Main.storyboard;
			sourceTree = "<group>";
		};
		ABB604F41D75F666001B4B45 /* LaunchScreen.storyboard */ = {
			isa = PBXVariantGroup;
			children = (
				ABB604F51D75F666001B4B45 /* Base */,
			);
			name = LaunchScreen.storyboard;
			sourceTree = "<group>";
		};
/* End PBXVariantGroup section */

/* Begin XCBuildConfiguration section */
		ABB604F81D75F666001B4B45 /* Debug */ = {
			isa = XCBuildConfiguration;
			buildSettings = {
				ALWAYS_SEARCH_USER_PATHS = NO;
				CLANG_ANALYZER_NONNULL = YES;
				CLANG_CXX_LANGUAGE_STANDARD = "gnu++0x";
				CLANG_CXX_LIBRARY = "libc++";
				CLANG_ENABLE_MODULES = YES;
				CLANG_ENABLE_OBJC_ARC = YES;
				CLANG_WARN_BOOL_CONVERSION = YES;
				CLANG_WARN_CONSTANT_CONVERSION = YES;
				CLANG_WARN_DIRECT_OBJC_ISA_USAGE = YES_ERROR;
				CLANG_WARN_DOCUMENTATION_COMMENTS = YES;
				CLANG_WARN_EMPTY_BODY = YES;
				CLANG_WARN_ENUM_CONVERSION = YES;
				CLANG_WARN_INFINITE_RECURSION = YES;
				CLANG_WARN_INT_CONVERSION = YES;
				CLANG_WARN_OBJC_ROOT_CLASS = YES_ERROR;
				CLANG_WARN_SUSPICIOUS_MOVES = YES;
				CLANG_WARN_UNREACHABLE_CODE = YES;
				CLANG_WARN__DUPLICATE_METHOD_MATCH = YES;
				"CODE_SIGN_IDENTITY[sdk=iphoneos*]" = "iPhone Developer";
				COPY_PHASE_STRIP = NO;
				DEBUG_INFORMATION_FORMAT = dwarf;
				ENABLE_STRICT_OBJC_MSGSEND = YES;
				ENABLE_TESTABILITY = YES;
				GCC_C_LANGUAGE_STANDARD = gnu99;
				GCC_DYNAMIC_NO_PIC = NO;
				GCC_NO_COMMON_BLOCKS = YES;
				GCC_OPTIMIZATION_LEVEL = 0;
				GCC_PREPROCESSOR_DEFINITIONS = (
					"DEBUG=1",
					"$(inherited)",
				);
				GCC_WARN_64_TO_32_BIT_CONVERSION = YES;
				GCC_WARN_ABOUT_RETURN_TYPE = YES_ERROR;
				GCC_WARN_UNDECLARED_SELECTOR = YES;
				GCC_WARN_UNINITIALIZED_AUTOS = YES_AGGRESSIVE;
				GCC_WARN_UNUSED_FUNCTION = YES;
				GCC_WARN_UNUSED_VARIABLE = YES;
				IPHONEOS_DEPLOYMENT_TARGET = 10.0;
				MTL_ENABLE_DEBUG_INFO = YES;
				ONLY_ACTIVE_ARCH = YES;
				SDKROOT = iphoneos;
				SWIFT_ACTIVE_COMPILATION_CONDITIONS = DEBUG;
				SWIFT_OPTIMIZATION_LEVEL = "-Onone";
				SWIFT_VERSION = 3.0;
			};
			name = Debug;
		};
		ABB604F91D75F666001B4B45 /* Release */ = {
			isa = XCBuildConfiguration;
			buildSettings = {
				ALWAYS_SEARCH_USER_PATHS = NO;
				CLANG_ANALYZER_NONNULL = YES;
				CLANG_CXX_LANGUAGE_STANDARD = "gnu++0x";
				CLANG_CXX_LIBRARY = "libc++";
				CLANG_ENABLE_MODULES = YES;
				CLANG_ENABLE_OBJC_ARC = YES;
				CLANG_WARN_BOOL_CONVERSION = YES;
				CLANG_WARN_CONSTANT_CONVERSION = YES;
				CLANG_WARN_DIRECT_OBJC_ISA_USAGE = YES_ERROR;
				CLANG_WARN_DOCUMENTATION_COMMENTS = YES;
				CLANG_WARN_EMPTY_BODY = YES;
				CLANG_WARN_ENUM_CONVERSION = YES;
				CLANG_WARN_INFINITE_RECURSION = YES;
				CLANG_WARN_INT_CONVERSION = YES;
				CLANG_WARN_OBJC_ROOT_CLASS = YES_ERROR;
				CLANG_WARN_SUSPICIOUS_MOVES = YES;
				CLANG_WARN_UNREACHABLE_CODE = YES;
				CLANG_WARN__DUPLICATE_METHOD_MATCH = YES;
				"CODE_SIGN_IDENTITY[sdk=iphoneos*]" = "iPhone Developer";
				COPY_PHASE_STRIP = NO;
				DEBUG_INFORMATION_FORMAT = "dwarf-with-dsym";
				ENABLE_NS_ASSERTIONS = NO;
				ENABLE_STRICT_OBJC_MSGSEND = YES;
				GCC_C_LANGUAGE_STANDARD = gnu99;
				GCC_NO_COMMON_BLOCKS = YES;
				GCC_WARN_64_TO_32_BIT_CONVERSION = YES;
				GCC_WARN_ABOUT_RETURN_TYPE = YES_ERROR;
				GCC_WARN_UNDECLARED_SELECTOR = YES;
				GCC_WARN_UNINITIALIZED_AUTOS = YES_AGGRESSIVE;
				GCC_WARN_UNUSED_FUNCTION = YES;
				GCC_WARN_UNUSED_VARIABLE = YES;
				IPHONEOS_DEPLOYMENT_TARGET = 10.0;
				MTL_ENABLE_DEBUG_INFO = NO;
				SDKROOT = iphoneos;
				SWIFT_OPTIMIZATION_LEVEL = "-Owholemodule";
				SWIFT_VERSION = 3.0;
				VALIDATE_PRODUCT = YES;
			};
			name = Release;
		};
		ABB604FB1D75F666001B4B45 /* Debug */ = {
			isa = XCBuildConfiguration;
			buildSettings = {
				ASSETCATALOG_COMPILER_APPICON_NAME = AppIcon;
				INFOPLIST_FILE = GoodAsOldPhones/Info.plist;
				LD_RUNPATH_SEARCH_PATHS = "$(inherited) @executable_path/Frameworks";
				PRODUCT_BUNDLE_IDENTIFIER = com.codeschool.GoodAsOldPhones;
				PRODUCT_NAME = "$(TARGET_NAME)";
				SWIFT_VERSION = 3.0;
			};
			name = Debug;
		};
		ABB604FC1D75F666001B4B45 /* Release */ = {
			isa = XCBuildConfiguration;
			buildSettings = {
				ASSETCATALOG_COMPILER_APPICON_NAME = AppIcon;
				INFOPLIST_FILE = GoodAsOldPhones/Info.plist;
				LD_RUNPATH_SEARCH_PATHS = "$(inherited) @executable_path/Frameworks";
				PRODUCT_BUNDLE_IDENTIFIER = com.codeschool.GoodAsOldPhones;
				PRODUCT_NAME = "$(TARGET_NAME)";
				SWIFT_VERSION = 3.0;
			};
			name = Release;
		};
/* End XCBuildConfiguration section */

/* Begin XCConfigurationList section */
		ABB604E31D75F666001B4B45 /* Build configuration list for PBXProject "GoodAsOldPhones" */ = {
			isa = XCConfigurationList;
			buildConfigurations = (
				ABB604F81D75F666001B4B45 /* Debug */,
				ABB604F91D75F666001B4B45 /* Release */,
			);
			defaultConfigurationIsVisible = 0;
			defaultConfigurationName = Release;
		};
		ABB604FA1D75F666001B4B45 /* Build configuration list for PBXNativeTarget "GoodAsOldPhones" */ = {
			isa = XCConfigurationList;
			buildConfigurations = (
				ABB604FB1D75F666001B4B45 /* Debug */,
				ABB604FC1D75F666001B4B45 /* Release */,
			);
			defaultConfigurationIsVisible = 0;
			defaultConfigurationName = Release;
		};
/* End XCConfigurationList section */
	};
	rootObject = ABB604E01D75F666001B4B45 /* Project object */;
}
